{
  "name": "rule-engine-test-cli",
  "version": "1.0.0",
  "lockfileVersion": 3,
  "requires": true,
  "packages": {
    "": {
      "name": "rule-engine-test-cli",
      "version": "1.0.0",
      "dependencies": {
        "rule-engine-js": "file:../../rule-engine-js-1.0.0.tgz"
      }
    },
    "node_modules/rule-engine-js": {
      "version": "1.0.0",
      "resolved": "file:../../rule-engine-js-1.0.0.tgz",
      "integrity": "sha512-DH7YmMVrqCry/U6i1Vi6DPxvHVCiqLCYJ0kIcAw9fyVX+LyZA0tmPUL9b5u7c87a+ZsSx+6ALPWeGa3oVjhxXw==",
      "license": "MIT",
      "engines": {
        "node": ">=16.0.0",
        "npm": ">=7.0.0"
      }
    }
  }
}
